
Microsoft Visual Studio Solution File, Format Version 12.00
# Visual Studio 15
VisualStudioVersion = 15.0.28010.2003
MinimumVisualStudioVersion = 10.0.40219.1
Project("{8BC9CEB8-8B4A-11D0-8D11-00A0C91BC942}") = "Project1", "Project1\Project1.vcxproj", "{E3696A3F-8AF9-41E1-BD1C-9D8CD8D5E452}"
EndProject
Project("{2150E333-8FDC-42A3-9474-1A3956D46DE8}") = "Solution Items", "Solution Items", "{DA5BD503-17DE-4446-AC80-E869588A918A}"
EndProject
Global
	GlobalSection(SolutionConfigurationPlatforms) = preSolution
		Debug|x64 = Debug|x64
		Debug|x86 = Debug|x86
		Release|x64 = Release|x64
		Release|x86 = Release|x86
	EndGlobalSection
	GlobalSection(ProjectConfigurationPlatforms) = postSolution
		{E3696A3F-8AF9-41E1-BD1C-9D8CD8D5E452}.Debug|x64.ActiveCfg = Debug|x64
		{E3696A3F-8AF9-41E1-BD1C-9D8CD8D5E452}.Debug|x64.Build.0 = Debug|x64
		{E3696A3F-8AF9-41E1-BD1C-9D8CD8D5E452}.Debug|x86.ActiveCfg = Debug|Win32
		{E3696A3F-8AF9-41E1-BD1C-9D8CD8D5E452}.Debug|x86.Build.0 = Debug|Win32
		{E3696A3F-8AF9-41E1-BD1C-9D8CD8D5E452}.Release|x64.ActiveCfg = Release|x64
		{E3696A3F-8AF9-41E1-BD1C-9D8CD8D5E452}.Release|x64.Build.0 = Release|x64
		{E3696A3F-8AF9-41E1-BD1C-9D8CD8D5E452}.Release|x86.ActiveCfg = Release|Win32
		{E3696A3F-8AF9-41E1-BD1C-9D8CD8D5E452}.Release|x86.Build.0 = Release|Win32
	EndGlobalSection
	GlobalSection(SolutionProperties) = preSolution
		HideSolutionNode = FALSE
	EndGlobalSection
	GlobalSection(ExtensibilityGlobals) = postSolution
		SolutionGuid = {64829167-EE53-48C0-80ED-BDF705964E3A}
	EndGlobalSection
EndGlobal
